{
  "requires": true,
  "lockfileVersion": 1,
  "dependencies": {
    "@ionic-native/barcode-scanner": {
      "version": "4.17.0",
      "resolved": "https://registry.npmjs.org/@ionic-native/barcode-scanner/-/barcode-scanner-4.17.0.tgz",
      "integrity": "sha512-XwViHfq+YOBkSFXX867dpY2bzG6DaA0GoRPiLO8F7QvUfadlahFjXMj+gbnBLM99xBvLx52ugBuSibs7IdeNUA=="
    },
    "colors": {
      "version": "1.3.2",
      "resolved": "https://registry.npmjs.org/colors/-/colors-1.3.2.tgz",
      "integrity": "sha512-rhP0JSBGYvpcNQj4s5AdShMeE5ahMop96cTeDl/v9qQQm2fYClE2QXZRi8wLzc+GmXSxdIqqbOIAhyObEXDbfQ=="
    },
    "dijkstrajs": {
      "version": "1.0.1",
      "resolved": "https://registry.npmjs.org/dijkstrajs/-/dijkstrajs-1.0.1.tgz",
      "integrity": "sha1-082BIh4+pAdCz83lVtTpnpjdxxs="
    },
    "isarray": {
      "version": "2.0.4",
      "resolved": "https://registry.npmjs.org/isarray/-/isarray-2.0.4.tgz",
      "integrity": "sha512-GMxXOiUirWg1xTKRipM0Ek07rX+ubx4nNVElTJdNLYmNO/2YrDkgJGw9CljXn+r4EWiDQg/8lsRdHyg2PJuUaA=="
    },
    "ngx-qrcode2": {
      "version": "0.0.9",
      "resolved": "https://registry.npmjs.org/ngx-qrcode2/-/ngx-qrcode2-0.0.9.tgz",
      "integrity": "sha512-PsELe+37ktkD/xv3rodWb7r5viK4KNZP9BqxmluyI7MCruea48+PqKNKQOx6R+V+8zypbb7vWxXJxGRlrdAaBQ==",
      "requires": {
        "qrcode": "^0.8.2"
      }
    },
    "pngjs": {
      "version": "2.3.1",
      "resolved": "https://registry.npmjs.org/pngjs/-/pngjs-2.3.1.tgz",
      "integrity": "sha1-EdHhK5y2TWPjDBQ6Mw9MH1Z9qF8="
    },
    "qrcode": {
      "version": "0.8.2",
      "resolved": "https://registry.npmjs.org/qrcode/-/qrcode-0.8.2.tgz",
      "integrity": "sha1-SktN10rkO3sF1MxZi63BwDg3GJw=",
      "requires": {
        "colors": "*",
        "dijkstrajs": "^1.0.1",
        "isarray": "^2.0.1",
        "pngjs": "^2.3.1"
      }
    }
  }
}
